
Microsoft Visual Studio Solution File, Format Version 12.00
# Visual Studio Version 16
VisualStudioVersion = 16.0.30523.141
MinimumVisualStudioVersion = 10.0.40219.1
Project("{FAE04EC0-301F-11D3-BF4B-00C04F79EFBC}") = "RazorRenderServices", "RazorRenderServices\RazorRenderServices.csproj", "{A4026CE4-8448-4B91-A7EB-E1714A03E4BC}"
EndProject
Project("{FAE04EC0-301F-11D3-BF4B-00C04F79EFBC}") = "RazorRenderServices.RazorLite", "RazorRenderServices.RazorLite\RazorRenderServices.RazorLite.csproj", "{DABE296E-8D08-4DDA-B6DC-D5AB6B64F386}"
EndProject
Project("{FAE04EC0-301F-11D3-BF4B-00C04F79EFBC}") = "RazorRenderServices.Tests", "RazorRenderServices.Tests\RazorRenderServices.Tests.csproj", "{A10D23D6-C4D0-4787-AAC9-C8DE630EFA87}"
EndProject
Global
	GlobalSection(SolutionConfigurationPlatforms) = preSolution
		Debug|Any CPU = Debug|Any CPU
		Release|Any CPU = Release|Any CPU
	EndGlobalSection
	GlobalSection(ProjectConfigurationPlatforms) = postSolution
		{A4026CE4-8448-4B91-A7EB-E1714A03E4BC}.Debug|Any CPU.ActiveCfg = Debug|Any CPU
		{A4026CE4-8448-4B91-A7EB-E1714A03E4BC}.Debug|Any CPU.Build.0 = Debug|Any CPU
		{A4026CE4-8448-4B91-A7EB-E1714A03E4BC}.Release|Any CPU.ActiveCfg = Release|Any CPU
		{A4026CE4-8448-4B91-A7EB-E1714A03E4BC}.Release|Any CPU.Build.0 = Release|Any CPU
		{DABE296E-8D08-4DDA-B6DC-D5AB6B64F386}.Debug|Any CPU.ActiveCfg = Debug|Any CPU
		{DABE296E-8D08-4DDA-B6DC-D5AB6B64F386}.Debug|Any CPU.Build.0 = Debug|Any CPU
		{DABE296E-8D08-4DDA-B6DC-D5AB6B64F386}.Release|Any CPU.ActiveCfg = Release|Any CPU
		{DABE296E-8D08-4DDA-B6DC-D5AB6B64F386}.Release|Any CPU.Build.0 = Release|Any CPU
		{A10D23D6-C4D0-4787-AAC9-C8DE630EFA87}.Debug|Any CPU.ActiveCfg = Debug|Any CPU
		{A10D23D6-C4D0-4787-AAC9-C8DE630EFA87}.Debug|Any CPU.Build.0 = Debug|Any CPU
		{A10D23D6-C4D0-4787-AAC9-C8DE630EFA87}.Release|Any CPU.ActiveCfg = Release|Any CPU
		{A10D23D6-C4D0-4787-AAC9-C8DE630EFA87}.Release|Any CPU.Build.0 = Release|Any CPU
	EndGlobalSection
	GlobalSection(SolutionProperties) = preSolution
		HideSolutionNode = FALSE
	EndGlobalSection
	GlobalSection(ExtensibilityGlobals) = postSolution
		SolutionGuid = {A33F24D7-C340-4B81-B245-CB6F1AF3E7AE}
	EndGlobalSection
EndGlobal
